
Microsoft Visual Studio Solution File, Format Version 12.00
# Visual Studio Version 16
VisualStudioVersion = 16.0.30114.105
MinimumVisualStudioVersion = 10.0.40219.1
Project("{FAE04EC0-301F-11D3-BF4B-00C04F79EFBC}") = "Exercício 3", "Exercício 3\Exercício 3.csproj", "{B13EEF2B-2D2B-4BDA-9011-F1A177D9A166}"
EndProject
Global
	GlobalSection(SolutionConfigurationPlatforms) = preSolution
		Debug|Any CPU = Debug|Any CPU
		Release|Any CPU = Release|Any CPU
	EndGlobalSection
	GlobalSection(ProjectConfigurationPlatforms) = postSolution
		{B13EEF2B-2D2B-4BDA-9011-F1A177D9A166}.Debug|Any CPU.ActiveCfg = Debug|Any CPU
		{B13EEF2B-2D2B-4BDA-9011-F1A177D9A166}.Debug|Any CPU.Build.0 = Debug|Any CPU
		{B13EEF2B-2D2B-4BDA-9011-F1A177D9A166}.Release|Any CPU.ActiveCfg = Release|Any CPU
		{B13EEF2B-2D2B-4BDA-9011-F1A177D9A166}.Release|Any CPU.Build.0 = Release|Any CPU
	EndGlobalSection
	GlobalSection(SolutionProperties) = preSolution
		HideSolutionNode = FALSE
	EndGlobalSection
	GlobalSection(ExtensibilityGlobals) = postSolution
		SolutionGuid = {12691146-B9F4-4EC2-8000-7F482E2A9D80}
	EndGlobalSection
EndGlobal
